// !$*UTF8*$!
{
	archiveVersion = 1;
	classes = {
	};
	objectVersion = 51;
	objects = {

/* Begin PBXBuildFile section */
		A095A40FA70260CB7DBD0607 /* Pods_RRSwiftUIAPICalling.framework in Frameworks */ = {isa = PBXBuildFile; fileRef = E0C9AAC3C05448DBC75E2A8B /* Pods_RRSwiftUIAPICalling.framework */; };
		EE7686E024B70C6D00900A6E /* RRLoader.swift in Sources */ = {isa = PBXBuildFile; fileRef = EE7686DF24B70C6D00900A6E /* RRLoader.swift */; };
		EEC9100724B6EB9C00946BA0 /* AppDelegate.swift in Sources */ = {isa = PBXBuildFile; fileRef = EEC9100624B6EB9C00946BA0 /* AppDelegate.swift */; };
		EEC9100924B6EB9C00946BA0 /* SceneDelegate.swift in Sources */ = {isa = PBXBuildFile; fileRef = EEC9100824B6EB9C00946BA0 /* SceneDelegate.swift */; };
		EEC9100B24B6EB9C00946BA0 /* ContentView.swift in Sources */ = {isa = PBXBuildFile; fileRef = EEC9100A24B6EB9C00946BA0 /* ContentView.swift */; };
		EEC9100D24B6EBA000946BA0 /* Assets.xcassets in Resources */ = {isa = PBXBuildFile; fileRef = EEC9100C24B6EBA000946BA0 /* Assets.xcassets */; };
		EEC9101024B6EBA000946BA0 /* Preview Assets.xcassets in Resources */ = {isa = PBXBuildFile; fileRef = EEC9100F24B6EBA000946BA0 /* Preview Assets.xcassets */; };
		EEC9101324B6EBA100946BA0 /* LaunchScreen.storyboard in Resources */ = {isa = PBXBuildFile; fileRef = EEC9101124B6EBA100946BA0 /* LaunchScreen.storyboard */; };
		EEC9101B24B6EF2A00946BA0 /* SwiftUIAPICalling.swift in Sources */ = {isa = PBXBuildFile; fileRef = EEC9101A24B6EF2A00946BA0 /* SwiftUIAPICalling.swift */; };
		EEC9101D24B6EF5300946BA0 /* RRAlamofireRxAPI.swift in Sources */ = {isa = PBXBuildFile; fileRef = EEC9101C24B6EF5300946BA0 /* RRAlamofireRxAPI.swift */; };
		EEC9101F24B703EC00946BA0 /* RRButton.swift in Sources */ = {isa = PBXBuildFile; fileRef = EEC9101E24B703EC00946BA0 /* RRButton.swift */; };
/* End PBXBuildFile section */

/* Begin PBXFileReference section */
		B7D3DA16D4B19618EED3BBF1 /* Pods-RRSwiftUIAPICalling.debug.xcconfig */ = {isa = PBXFileReference; includeInIndex = 1; lastKnownFileType = text.xcconfig; name = "Pods-RRSwiftUIAPICalling.debug.xcconfig"; path = "Target Support Files/Pods-RRSwiftUIAPICalling/Pods-RRSwiftUIAPICalling.debug.xcconfig"; sourceTree = "<group>"; };
		C4FED4341E1FF2B4C5880673 /* Pods-RRSwiftUIAPICalling.release.xcconfig */ = {isa = PBXFileReference; includeInIndex = 1; lastKnownFileType = text.xcconfig; name = "Pods-RRSwiftUIAPICalling.release.xcconfig"; path = "Target Support Files/Pods-RRSwiftUIAPICalling/Pods-RRSwiftUIAPICalling.release.xcconfig"; sourceTree = "<group>"; };
		E0C9AAC3C05448DBC75E2A8B /* Pods_RRSwiftUIAPICalling.framework */ = {isa = PBXFileReference; explicitFileType = wrapper.framework; includeInIndex = 0; path = Pods_RRSwiftUIAPICalling.framework; sourceTree = BUILT_PRODUCTS_DIR; };
		EE7686DF24B70C6D00900A6E /* RRLoader.swift */ = {isa = PBXFileReference; lastKnownFileType = sourcecode.swift; path = RRLoader.swift; sourceTree = "<group>"; };
		EEC9100324B6EB9C00946BA0 /* RRSwiftUIAPICalling.app */ = {isa = PBXFileReference; explicitFileType = wrapper.application; includeInIndex = 0; path = RRSwiftUIAPICalling.app; sourceTree = BUILT_PRODUCTS_DIR; };
		EEC9100624B6EB9C00946BA0 /* AppDelegate.swift */ = {isa = PBXFileReference; lastKnownFileType = sourcecode.swift; path = AppDelegate.swift; sourceTree = "<group>"; };
		EEC9100824B6EB9C00946BA0 /* SceneDelegate.swift */ = {isa = PBXFileReference; lastKnownFileType = sourcecode.swift; path = SceneDelegate.swift; sourceTree = "<group>"; };
		EEC9100A24B6EB9C00946BA0 /* ContentView.swift */ = {isa = PBXFileReference; lastKnownFileType = sourcecode.swift; path = ContentView.swift; sourceTree = "<group>"; };
		EEC9100C24B6EBA000946BA0 /* Assets.xcassets */ = {isa = PBXFileReference; lastKnownFileType = folder.assetcatalog; path = Assets.xcassets; sourceTree = "<group>"; };
		EEC9100F24B6EBA000946BA0 /* Preview Assets.xcassets */ = {isa = PBXFileReference; lastKnownFileType = folder.assetcatalog; path = "Preview Assets.xcassets"; sourceTree = "<group>"; };
		EEC9101224B6EBA100946BA0 /* Base */ = {isa = PBXFileReference; lastKnownFileType = file.storyboard; name = Base; path = Base.lproj/LaunchScreen.storyboard; sourceTree = "<group>"; };
		EEC9101424B6EBA100946BA0 /* Info.plist */ = {isa = PBXFileReference; lastKnownFileType = text.plist.xml; path = Info.plist; sourceTree = "<group>"; };
		EEC9101A24B6EF2A00946BA0 /* SwiftUIAPICalling.swift */ = {isa = PBXFileReference; lastKnownFileType = sourcecode.swift; path = SwiftUIAPICalling.swift; sourceTree = "<group>"; };
		EEC9101C24B6EF5300946BA0 /* RRAlamofireRxAPI.swift */ = {isa = PBXFileReference; lastKnownFileType = sourcecode.swift; path = RRAlamofireRxAPI.swift; sourceTree = "<group>"; };
		EEC9101E24B703EC00946BA0 /* RRButton.swift */ = {isa = PBXFileReference; lastKnownFileType = sourcecode.swift; path = RRButton.swift; sourceTree = "<group>"; };
/* End PBXFileReference section */

/* Begin PBXFrameworksBuildPhase section */
		EEC9100024B6EB9C00946BA0 /* Frameworks */ = {
			isa = PBXFrameworksBuildPhase;
			buildActionMask = 2147483647;
			files = (
				A095A40FA70260CB7DBD0607 /* Pods_RRSwiftUIAPICalling.framework in Frameworks */,
			);
			runOnlyForDeploymentPostprocessing = 0;
		};
/* End PBXFrameworksBuildPhase section */

/* Begin PBXGroup section */
		20ED1FF1C742FE86748591AA /* Pods */ = {
			isa = PBXGroup;
			children = (
				B7D3DA16D4B19618EED3BBF1 /* Pods-RRSwiftUIAPICalling.debug.xcconfig */,
				C4FED4341E1FF2B4C5880673 /* Pods-RRSwiftUIAPICalling.release.xcconfig */,
			);
			path = Pods;
			sourceTree = "<group>";
		};
		AE9ABE5398F42F629674B1B3 /* Frameworks */ = {
			isa = PBXGroup;
			children = (
				E0C9AAC3C05448DBC75E2A8B /* Pods_RRSwiftUIAPICalling.framework */,
			);
			name = Frameworks;
			sourceTree = "<group>";
		};
		EEC90FFA24B6EB9C00946BA0 = {
			isa = PBXGroup;
			children = (
				EEC9100524B6EB9C00946BA0 /* RRSwiftUIAPICalling */,
				EEC9100424B6EB9C00946BA0 /* Products */,
				20ED1FF1C742FE86748591AA /* Pods */,
				AE9ABE5398F42F629674B1B3 /* Frameworks */,
			);
			sourceTree = "<group>";
		};
		EEC9100424B6EB9C00946BA0 /* Products */ = {
			isa = PBXGroup;
			children = (
				EEC9100324B6EB9C00946BA0 /* RRSwiftUIAPICalling.app */,
			);
			name = Products;
			sourceTree = "<group>";
		};
		EEC9100524B6EB9C00946BA0 /* RRSwiftUIAPICalling */ = {
			isa = PBXGroup;
			children = (
				EEC9100624B6EB9C00946BA0 /* AppDelegate.swift */,
				EEC9100824B6EB9C00946BA0 /* SceneDelegate.swift */,
				EEC9100A24B6EB9C00946BA0 /* ContentView.swift */,
				EEC9101A24B6EF2A00946BA0 /* SwiftUIAPICalling.swift */,
				EEC9101C24B6EF5300946BA0 /* RRAlamofireRxAPI.swift */,
				EEC9101E24B703EC00946BA0 /* RRButton.swift */,
				EE7686DF24B70C6D00900A6E /* RRLoader.swift */,
				EEC9100C24B6EBA000946BA0 /* Assets.xcassets */,
				EEC9101124B6EBA100946BA0 /* LaunchScreen.storyboard */,
				EEC9101424B6EBA100946BA0 /* Info.plist */,
				EEC9100E24B6EBA000946BA0 /* Preview Content */,
			);
			path = RRSwiftUIAPICalling;
			sourceTree = "<group>";
		};
		EEC9100E24B6EBA000946BA0 /* Preview Content */ = {
			isa = PBXGroup;
			children = (
				EEC9100F24B6EBA000946BA0 /* Preview Assets.xcassets */,
			);
			path = "Preview Content";
			sourceTree = "<group>";
		};
/* End PBXGroup section */

/* Begin PBXNativeTarget section */
		EEC9100224B6EB9C00946BA0 /* RRSwiftUIAPICalling */ = {
			isa = PBXNativeTarget;
			buildConfigurationList = EEC9101724B6EBA100946BA0 /* Build configuration list for PBXNativeTarget "RRSwiftUIAPICalling" */;
			buildPhases = (
				4D3A0D8576B0C5B20CF1B89F /* [CP] Check Pods Manifest.lock */,
				EEC90FFF24B6EB9C00946BA0 /* Sources */,
				EEC9100024B6EB9C00946BA0 /* Frameworks */,
				EEC9100124B6EB9C00946BA0 /* Resources */,
				AE28E52882CEFD1E65834315 /* [CP] Embed Pods Frameworks */,
			);
			buildRules = (
			);
			dependencies = (
			);
			name = RRSwiftUIAPICalling;
			productName = RRSwiftUIAPICalling;
			productReference = EEC9100324B6EB9C00946BA0 /* RRSwiftUIAPICalling.app */;
			productType = "com.apple.product-type.application";
		};
/* End PBXNativeTarget section */

/* Begin PBXProject section */
		EEC90FFB24B6EB9C00946BA0 /* Project object */ = {
			isa = PBXProject;
			attributes = {
				LastSwiftUpdateCheck = 1130;
				LastUpgradeCheck = 1130;
				ORGANIZATIONNAME = RR;
				TargetAttributes = {
					EEC9100224B6EB9C00946BA0 = {
						CreatedOnToolsVersion = 11.3.1;
					};
				};
			};
			buildConfigurationList = EEC90FFE24B6EB9C00946BA0 /* Build configuration list for PBXProject "RRSwiftUIAPICalling" */;
			compatibilityVersion = "Xcode 9.3";
			developmentRegion = en;
			hasScannedForEncodings = 0;
			knownRegions = (
				en,
				Base,
			);
			mainGroup = EEC90FFA24B6EB9C00946BA0;
			productRefGroup = EEC9100424B6EB9C00946BA0 /* Products */;
			projectDirPath = "";
			projectRoot = "";
			targets = (
				EEC9100224B6EB9C00946BA0 /* RRSwiftUIAPICalling */,
			);
		};
/* End PBXProject section */

/* Begin PBXResourcesBuildPhase section */
		EEC9100124B6EB9C00946BA0 /* Resources */ = {
			isa = PBXResourcesBuildPhase;
			buildActionMask = 2147483647;
			files = (
				EEC9101324B6EBA100946BA0 /* LaunchScreen.storyboard in Resources */,
				EEC9101024B6EBA000946BA0 /* Preview Assets.xcassets in Resources */,
				EEC9100D24B6EBA000946BA0 /* Assets.xcassets in Resources */,
			);
			runOnlyForDeploymentPostprocessing = 0;
		};
/* End PBXResourcesBuildPhase section */

/* Begin PBXShellScriptBuildPhase section */
		4D3A0D8576B0C5B20CF1B89F /* [CP] Check Pods Manifest.lock */ = {
			isa = PBXShellScriptBuildPhase;
			buildActionMask = 2147483647;
			files = (
			);
			inputFileListPaths = (
			);
			inputPaths = (
				"${PODS_PODFILE_DIR_PATH}/Podfile.lock",
				"${PODS_ROOT}/Manifest.lock",
			);
			name = "[CP] Check Pods Manifest.lock";
			outputFileListPaths = (
			);
			outputPaths = (
				"$(DERIVED_FILE_DIR)/Pods-RRSwiftUIAPICalling-checkManifestLockResult.txt",
			);
			runOnlyForDeploymentPostprocessing = 0;
			shellPath = /bin/sh;
			shellScript = "diff \"${PODS_PODFILE_DIR_PATH}/Podfile.lock\" \"${PODS_ROOT}/Manifest.lock\" > /dev/null\nif [ $? != 0 ] ; then\n    # print error to STDERR\n    echo \"error: The sandbox is not in sync with the Podfile.lock. Run 'pod install' or update your CocoaPods installation.\" >&2\n    exit 1\nfi\n# This output is used by Xcode 'outputs' to avoid re-running this script phase.\necho \"SUCCESS\" > \"${SCRIPT_OUTPUT_FILE_0}\"\n";
			showEnvVarsInLog = 0;
		};
		AE28E52882CEFD1E65834315 /* [CP] Embed Pods Frameworks */ = {
			isa = PBXShellScriptBuildPhase;
			buildActionMask = 2147483647;
			files = (
			);
			inputFileListPaths = (
				"${PODS_ROOT}/Target Support Files/Pods-RRSwiftUIAPICalling/Pods-RRSwiftUIAPICalling-frameworks-${CONFIGURATION}-input-files.xcfilelist",
			);
			name = "[CP] Embed Pods Frameworks";
			outputFileListPaths = (
				"${PODS_ROOT}/Target Support Files/Pods-RRSwiftUIAPICalling/Pods-RRSwiftUIAPICalling-frameworks-${CONFIGURATION}-output-files.xcfilelist",
			);
			runOnlyForDeploymentPostprocessing = 0;
			shellPath = /bin/sh;
			shellScript = "\"${PODS_ROOT}/Target Support Files/Pods-RRSwiftUIAPICalling/Pods-RRSwiftUIAPICalling-frameworks.sh\"\n";
			showEnvVarsInLog = 0;
		};
/* End PBXShellScriptBuildPhase section */

/* Begin PBXSourcesBuildPhase section */
		EEC90FFF24B6EB9C00946BA0 /* Sources */ = {
			isa = PBXSourcesBuildPhase;
			buildActionMask = 2147483647;
			files = (
				EEC9100724B6EB9C00946BA0 /* AppDelegate.swift in Sources */,
				EEC9101D24B6EF5300946BA0 /* RRAlamofireRxAPI.swift in Sources */,
				EEC9101B24B6EF2A00946BA0 /* SwiftUIAPICalling.swift in Sources */,
				EEC9100924B6EB9C00946BA0 /* SceneDelegate.swift in Sources */,
				EEC9100B24B6EB9C00946BA0 /* ContentView.swift in Sources */,
				EEC9101F24B703EC00946BA0 /* RRButton.swift in Sources */,
				EE7686E024B70C6D00900A6E /* RRLoader.swift in Sources */,
			);
			runOnlyForDeploymentPostprocessing = 0;
		};
/* End PBXSourcesBuildPhase section */

/* Begin PBXVariantGroup section */
		EEC9101124B6EBA100946BA0 /* LaunchScreen.storyboard */ = {
			isa = PBXVariantGroup;
			children = (
				EEC9101224B6EBA100946BA0 /* Base */,
			);
			name = LaunchScreen.storyboard;
			sourceTree = "<group>";
		};
/* End PBXVariantGroup section */

/* Begin XCBuildConfiguration section */
		EEC9101524B6EBA100946BA0 /* Debug */ = {
			isa = XCBuildConfiguration;
			buildSettings = {
				ALWAYS_SEARCH_USER_PATHS = NO;
				CLANG_ANALYZER_NONNULL = YES;
				CLANG_ANALYZER_NUMBER_OBJECT_CONVERSION = YES_AGGRESSIVE;
				CLANG_CXX_LANGUAGE_STANDARD = "gnu++14";
				CLANG_CXX_LIBRARY = "libc++";
				CLANG_ENABLE_MODULES = YES;
				CLANG_ENABLE_OBJC_ARC = YES;
				CLANG_ENABLE_OBJC_WEAK = YES;
				CLANG_WARN_BLOCK_CAPTURE_AUTORELEASING = YES;
				CLANG_WARN_BOOL_CONVERSION = YES;
				CLANG_WARN_COMMA = YES;
				CLANG_WARN_CONSTANT_CONVERSION = YES;
				CLANG_WARN_DEPRECATED_OBJC_IMPLEMENTATIONS = YES;
				CLANG_WARN_DIRECT_OBJC_ISA_USAGE = YES_ERROR;
				CLANG_WARN_DOCUMENTATION_COMMENTS = YES;
				CLANG_WARN_EMPTY_BODY = YES;
				CLANG_WARN_ENUM_CONVERSION = YES;
				CLANG_WARN_INFINITE_RECURSION = YES;
				CLANG_WARN_INT_CONVERSION = YES;
				CLANG_WARN_NON_LITERAL_NULL_CONVERSION = YES;
				CLANG_WARN_OBJC_IMPLICIT_RETAIN_SELF = YES;
				CLANG_WARN_OBJC_LITERAL_CONVERSION = YES;
				CLANG_WARN_OBJC_ROOT_CLASS = YES_ERROR;
				CLANG_WARN_RANGE_LOOP_ANALYSIS = YES;
				CLANG_WARN_STRICT_PROTOTYPES = YES;
				CLANG_WARN_SUSPICIOUS_MOVE = YES;
				CLANG_WARN_UNGUARDED_AVAILABILITY = YES_AGGRESSIVE;
				CLANG_WARN_UNREACHABLE_CODE = YES;
				CLANG_WARN__DUPLICATE_METHOD_MATCH = YES;
				COPY_PHASE_STRIP = NO;
				DEBUG_INFORMATION_FORMAT = dwarf;
				ENABLE_STRICT_OBJC_MSGSEND = YES;
				ENABLE_TESTABILITY = YES;
				GCC_C_LANGUAGE_STANDARD = gnu11;
				GCC_DYNAMIC_NO_PIC = NO;
				GCC_NO_COMMON_BLOCKS = YES;
				GCC_OPTIMIZATION_LEVEL = 0;
				GCC_PREPROCESSOR_DEFINITIONS = (
					"DEBUG=1",
					"$(inherited)",
				);
				GCC_WARN_64_TO_32_BIT_CONVERSION = YES;
				GCC_WARN_ABOUT_RETURN_TYPE = YES_ERROR;
				GCC_WARN_UNDECLARED_SELECTOR = YES;
				GCC_WARN_UNINITIALIZED_AUTOS = YES_AGGRESSIVE;
				GCC_WARN_UNUSED_FUNCTION = YES;
				GCC_WARN_UNUSED_VARIABLE = YES;
				IPHONEOS_DEPLOYMENT_TARGET = 13.2;
				MTL_ENABLE_DEBUG_INFO = INCLUDE_SOURCE;
				MTL_FAST_MATH = YES;
				ONLY_ACTIVE_ARCH = YES;
				SDKROOT = iphoneos;
				SWIFT_ACTIVE_COMPILATION_CONDITIONS = DEBUG;
				SWIFT_OPTIMIZATION_LEVEL = "-Onone";
			};
			name = Debug;
		};
		EEC9101624B6EBA100946BA0 /* Release */ = {
			isa = XCBuildConfiguration;
			buildSettings = {
				ALWAYS_SEARCH_USER_PATHS = NO;
				CLANG_ANALYZER_NONNULL = YES;
				CLANG_ANALYZER_NUMBER_OBJECT_CONVERSION = YES_AGGRESSIVE;
				CLANG_CXX_LANGUAGE_STANDARD = "gnu++14";
				CLANG_CXX_LIBRARY = "libc++";
				CLANG_ENABLE_MODULES = YES;
				CLANG_ENABLE_OBJC_ARC = YES;
				CLANG_ENABLE_OBJC_WEAK = YES;
				CLANG_WARN_BLOCK_CAPTURE_AUTORELEASING = YES;
				CLANG_WARN_BOOL_CONVERSION = YES;
				CLANG_WARN_COMMA = YES;
				CLANG_WARN_CONSTANT_CONVERSION = YES;
				CLANG_WARN_DEPRECATED_OBJC_IMPLEMENTATIONS = YES;
				CLANG_WARN_DIRECT_OBJC_ISA_USAGE = YES_ERROR;
				CLANG_WARN_DOCUMENTATION_COMMENTS = YES;
				CLANG_WARN_EMPTY_BODY = YES;
				CLANG_WARN_ENUM_CONVERSION = YES;
				CLANG_WARN_INFINITE_RECURSION = YES;
				CLANG_WARN_INT_CONVERSION = YES;
				CLANG_WARN_NON_LITERAL_NULL_CONVERSION = YES;
				CLANG_WARN_OBJC_IMPLICIT_RETAIN_SELF = YES;
				CLANG_WARN_OBJC_LITERAL_CONVERSION = YES;
				CLANG_WARN_OBJC_ROOT_CLASS = YES_ERROR;
				CLANG_WARN_RANGE_LOOP_ANALYSIS = YES;
				CLANG_WARN_STRICT_PROTOTYPES = YES;
				CLANG_WARN_SUSPICIOUS_MOVE = YES;
				CLANG_WARN_UNGUARDED_AVAILABILITY = YES_AGGRESSIVE;
				CLANG_WARN_UNREACHABLE_CODE = YES;
				CLANG_WARN__DUPLICATE_METHOD_MATCH = YES;
				COPY_PHASE_STRIP = NO;
				DEBUG_INFORMATION_FORMAT = "dwarf-with-dsym";
				ENABLE_NS_ASSERTIONS = NO;
				ENABLE_STRICT_OBJC_MSGSEND = YES;
				GCC_C_LANGUAGE_STANDARD = gnu11;
				GCC_NO_COMMON_BLOCKS = YES;
				GCC_WARN_64_TO_32_BIT_CONVERSION = YES;
				GCC_WARN_ABOUT_RETURN_TYPE = YES_ERROR;
				GCC_WARN_UNDECLARED_SELECTOR = YES;
				GCC_WARN_UNINITIALIZED_AUTOS = YES_AGGRESSIVE;
				GCC_WARN_UNUSED_FUNCTION = YES;
				GCC_WARN_UNUSED_VARIABLE = YES;
				IPHONEOS_DEPLOYMENT_TARGET = 13.2;
				MTL_ENABLE_DEBUG_INFO = NO;
				MTL_FAST_MATH = YES;
				SDKROOT = iphoneos;
				SWIFT_COMPILATION_MODE = wholemodule;
				SWIFT_OPTIMIZATION_LEVEL = "-O";
				VALIDATE_PRODUCT = YES;
			};
			name = Release;
		};
		EEC9101824B6EBA100946BA0 /* Debug */ = {
			isa = XCBuildConfiguration;
			baseConfigurationReference = B7D3DA16D4B19618EED3BBF1 /* Pods-RRSwiftUIAPICalling.debug.xcconfig */;
			buildSettings = {
				ASSETCATALOG_COMPILER_APPICON_NAME = AppIcon;
				CODE_SIGN_STYLE = Automatic;
				DEVELOPMENT_ASSET_PATHS = "\"RRSwiftUIAPICalling/Preview Content\"";
				ENABLE_PREVIEWS = YES;
				INFOPLIST_FILE = RRSwiftUIAPICalling/Info.plist;
				LD_RUNPATH_SEARCH_PATHS = (
					"$(inherited)",
					"@executable_path/Frameworks",
				);
				PRODUCT_BUNDLE_IDENTIFIER = com.rr.RRSwiftUIAPICalling;
				PRODUCT_NAME = "$(TARGET_NAME)";
				SWIFT_VERSION = 5.0;
				TARGETED_DEVICE_FAMILY = "1,2";
			};
			name = Debug;
		};
		EEC9101924B6EBA100946BA0 /* Release */ = {
			isa = XCBuildConfiguration;
			baseConfigurationReference = C4FED4341E1FF2B4C5880673 /* Pods-RRSwiftUIAPICalling.release.xcconfig */;
			buildSettings = {
				ASSETCATALOG_COMPILER_APPICON_NAME = AppIcon;
				CODE_SIGN_STYLE = Automatic;
				DEVELOPMENT_ASSET_PATHS = "\"RRSwiftUIAPICalling/Preview Content\"";
				ENABLE_PREVIEWS = YES;
				INFOPLIST_FILE = RRSwiftUIAPICalling/Info.plist;
				LD_RUNPATH_SEARCH_PATHS = (
					"$(inherited)",
					"@executable_path/Frameworks",
				);
				PRODUCT_BUNDLE_IDENTIFIER = com.rr.RRSwiftUIAPICalling;
				PRODUCT_NAME = "$(TARGET_NAME)";
				SWIFT_VERSION = 5.0;
				TARGETED_DEVICE_FAMILY = "1,2";
			};
			name = Release;
		};
/* End XCBuildConfiguration section */

/* Begin XCConfigurationList section */
		EEC90FFE24B6EB9C00946BA0 /* Build configuration list for PBXProject "RRSwiftUIAPICalling" */ = {
			isa = XCConfigurationList;
			buildConfigurations = (
				EEC9101524B6EBA100946BA0 /* Debug */,
				EEC9101624B6EBA100946BA0 /* Release */,
			);
			defaultConfigurationIsVisible = 0;
			defaultConfigurationName = Release;
		};
		EEC9101724B6EBA100946BA0 /* Build configuration list for PBXNativeTarget "RRSwiftUIAPICalling" */ = {
			isa = XCConfigurationList;
			buildConfigurations = (
				EEC9101824B6EBA100946BA0 /* Debug */,
				EEC9101924B6EBA100946BA0 /* Release */,
			);
			defaultConfigurationIsVisible = 0;
			defaultConfigurationName = Release;
		};
/* End XCConfigurationList section */
	};
	rootObject = EEC90FFB24B6EB9C00946BA0 /* Project object */;
}
